// !$*UTF8*$!
{
archiveVersion = 1;
classes = {};
objectVersion = 56;
objects = {
8E0205CD89BF271E3726B26F = { isa = PBXFileReference; lastKnownFileType = text.xcconfig; path = "Config/Base.xcconfig"; sourceTree = SOURCE_ROOT; };
4B8DD63BBE221CFA092295DA = { isa = PBXFileReference; lastKnownFileType = sourcecode.swift; path = "Apps/RightMouse/AppModel.swift"; sourceTree = SOURCE_ROOT; };
458D309F1E62D5F3D52F35F5 = { isa = PBXFileReference; lastKnownFileType = sourcecode.swift; path = "Apps/RightMouse/ApplicationLauncher.swift"; sourceTree = SOURCE_ROOT; };
793212F9C6FB13AE5E864FA1 = { isa = PBXFileReference; lastKnownFileType = sourcecode.swift; path = "Apps/RightMouse/ConflictDialog.swift"; sourceTree = SOURCE_ROOT; };
EADAB0C248FBD68B1547D7F3 = { isa = PBXFileReference; lastKnownFileType = sourcecode.swift; path = "Apps/RightMouse/HostController.swift"; sourceTree = SOURCE_ROOT; };
8F90562B8214D208E05873E1 = { isa = PBXFileReference; lastKnownFileType = sourcecode.swift; path = "Apps/RightMouse/OpenWithInteraction.swift"; sourceTree = SOURCE_ROOT; };
74A8DB91DA7D1676E7EB81EF = { isa = PBXFileReference; lastKnownFileType = sourcecode.swift; path = "Apps/RightMouse/OpenWithPlanning.swift"; sourceTree = SOURCE_ROOT; };
735B8D436D79E02EC0D0CDD7 = { isa = PBXFileReference; lastKnownFileType = sourcecode.swift; path = "Apps/RightMouse/OperationRetention.swift"; sourceTree = SOURCE_ROOT; };
EF7A0365C1F4043DC5CBB9A1 = { isa = PBXFileReference; lastKnownFileType = sourcecode.swift; path = "Apps/RightMouse/RightMouseApp.swift"; sourceTree = SOURCE_ROOT; };
C72981695E435A06ABC80344 = { isa = PBXFileReference; lastKnownFileType = sourcecode.swift; path = "Apps/RightMouse/TaskFollowupStore.swift"; sourceTree = SOURCE_ROOT; };
700BD4759FF6FC69253A312C = { isa = PBXFileReference; lastKnownFileType = sourcecode.swift; path = "Apps/RightMouse/Views/ConfigurationViews.swift"; sourceTree = SOURCE_ROOT; };
ACC44DDD30963DBCCE025EFB = { isa = PBXFileReference; lastKnownFileType = sourcecode.swift; path = "Apps/RightMouse/Views/GlassStyle.swift"; sourceTree = SOURCE_ROOT; };
9716A1C14878CA65447443FE = { isa = PBXFileReference; lastKnownFileType = sourcecode.swift; path = "Apps/RightMouse/Views/RecentDestinationsView.swift"; sourceTree = SOURCE_ROOT; };
5971411A2E76BA53363C8DA1 = { isa = PBXFileReference; lastKnownFileType = sourcecode.swift; path = "Apps/RightMouse/Views/RootView.swift"; sourceTree = SOURCE_ROOT; };
93D6D29AC1A361D853A4D885 = { isa = PBXFileReference; lastKnownFileType = sourcecode.swift; path = "Apps/RightMouse/Views/TaskViews.swift"; sourceTree = SOURCE_ROOT; };
631AE84056CF9FCB91E114F0 = { isa = PBXFileReference; lastKnownFileType = sourcecode.swift; path = "Apps/RightMouse/Views/ViewState.swift"; sourceTree = SOURCE_ROOT; };
BFBD7536FF117AC20DCF3AA2 = { isa = PBXFileReference; lastKnownFileType = sourcecode.swift; path = "Apps/RightMouse/WindowLayout.swift"; sourceTree = SOURCE_ROOT; };
D9D05450972029F16EF8C1F7 = { isa = PBXFileReference; lastKnownFileType = sourcecode.swift; path = "Extensions/RightMouseFinder/FinderSync.swift"; sourceTree = SOURCE_ROOT; };
28671256B92A4F1D22ACBEEC = { isa = PBXFileReference; lastKnownFileType = sourcecode.swift; path = "Packages/RightMouseCore/Tests/RightMouseCoreTests/FileOperationTests.swift"; sourceTree = SOURCE_ROOT; };
6DCAEC8BCBA88E472B1FE49A = { isa = PBXFileReference; lastKnownFileType = sourcecode.swift; path = "Packages/RightMouseCore/Tests/RightMouseCoreTests/MenuPolicyTests.swift"; sourceTree = SOURCE_ROOT; };
89834E32AB207CB2E362269B = { isa = PBXFileReference; lastKnownFileType = sourcecode.swift; path = "Packages/RightMouseCore/Tests/RightMouseCoreTests/ProtocolTests.swift"; sourceTree = SOURCE_ROOT; };
4F2F1C5F11B9225CF3E4CFD7 = { isa = PBXFileReference; lastKnownFileType = sourcecode.swift; path = "Packages/RightMouseCore/Tests/RightMouseCoreTests/SettingsTests.swift"; sourceTree = SOURCE_ROOT; };
FCF6BD6F2181850A4FC93B90 = { isa = PBXFileReference; lastKnownFileType = sourcecode.swift; path = "Packages/RightMouseCore/Tests/RightMouseCoreTests/TemplateTests.swift"; sourceTree = SOURCE_ROOT; };
81F31879437340D5CD6ED968 = { isa = PBXFileReference; explicitFileType = wrapper.application; path = RightMouse.app; sourceTree = BUILT_PRODUCTS_DIR; };
69DC2EFD233B62AF1DCCB79C = { isa = PBXFileReference; explicitFileType = "wrapper.app-extension"; path = RightMouseFinder.appex; sourceTree = BUILT_PRODUCTS_DIR; };
70F09BF32F6D77A92FF191B4 = { isa = PBXFileReference; explicitFileType = wrapper.cfbundle; path = RightMouseCoreTests.xctest; sourceTree = BUILT_PRODUCTS_DIR; };
0A3E27B8CA818264D75C8D81 = { isa = PBXGroup; children = (81F31879437340D5CD6ED968, 69DC2EFD233B62AF1DCCB79C, 70F09BF32F6D77A92FF191B4,); name = Products; sourceTree = "<group>"; };
085ED06E573690BA3A56BC1E = { isa = PBXGroup; children = (4B8DD63BBE221CFA092295DA, 458D309F1E62D5F3D52F35F5, 793212F9C6FB13AE5E864FA1, EADAB0C248FBD68B1547D7F3, 8F90562B8214D208E05873E1, 74A8DB91DA7D1676E7EB81EF, 735B8D436D79E02EC0D0CDD7, EF7A0365C1F4043DC5CBB9A1, C72981695E435A06ABC80344, 700BD4759FF6FC69253A312C, ACC44DDD30963DBCCE025EFB, 9716A1C14878CA65447443FE, 5971411A2E76BA53363C8DA1, 93D6D29AC1A361D853A4D885, 631AE84056CF9FCB91E114F0, BFBD7536FF117AC20DCF3AA2,); name = RightMouse; sourceTree = "<group>"; };
BE2C2DAFE30ED3B9142D5DDC = { isa = PBXGroup; children = (D9D05450972029F16EF8C1F7,); name = RightMouseFinder; sourceTree = "<group>"; };
D60409337774CCE94860379A = { isa = PBXGroup; children = (28671256B92A4F1D22ACBEEC, 6DCAEC8BCBA88E472B1FE49A, 89834E32AB207CB2E362269B, 4F2F1C5F11B9225CF3E4CFD7, FCF6BD6F2181850A4FC93B90,); name = RightMouseCoreTests; sourceTree = "<group>"; };
0D6E4079E36703EBD37C0072 = { isa = PBXGroup; children = (085ED06E573690BA3A56BC1E, BE2C2DAFE30ED3B9142D5DDC, D60409337774CCE94860379A, 8E0205CD89BF271E3726B26F, 0A3E27B8CA818264D75C8D81,); sourceTree = "<group>"; };
BC4A71180870F7945155FBB0 = { isa = XCLocalSwiftPackageReference; relativePath = .; };
184B519F8E1416CCE38CFFD7 = { isa = XCBuildConfiguration; baseConfigurationReference = 8E0205CD89BF271E3726B26F; buildSettings = {SDKROOT = "macosx";SUPPORTED_PLATFORMS = "macosx";SWIFT_OPTIMIZATION_LEVEL = "-Onone";DEBUG_INFORMATION_FORMAT = "dwarf";SWIFT_ACTIVE_COMPILATION_CONDITIONS = "DEBUG";}; name = Debug; };
A824290273A346217D9BE6F4 = { isa = XCBuildConfiguration; baseConfigurationReference = 8E0205CD89BF271E3726B26F; buildSettings = {SDKROOT = "macosx";SUPPORTED_PLATFORMS = "macosx";SWIFT_OPTIMIZATION_LEVEL = "-O";DEBUG_INFORMATION_FORMAT = "dwarf-with-dsym";}; name = Release; };
1922B098E983995960BE56B0 = { isa = XCConfigurationList; buildConfigurations = (184B519F8E1416CCE38CFFD7, A824290273A346217D9BE6F4,); defaultConfigurationIsVisible = 0; defaultConfigurationName = Release; };
0D9B6C467828201280D620A8 = { isa = XCBuildConfiguration; baseConfigurationReference = 8E0205CD89BF271E3726B26F; buildSettings = {PRODUCT_NAME = "RightMouse";PRODUCT_BUNDLE_IDENTIFIER = "cn.rightmouse.RightMouse";INFOPLIST_FILE = "Config/RightMouse-Info.plist";CODE_SIGN_ENTITLEMENTS = "Config/RightMouse.entitlements";GENERATE_INFOPLIST_FILE = "NO";COMBINE_HIDPI_IMAGES = "YES";LD_RUNPATH_SEARCH_PATHS = "$(inherited) @executable_path/../Frameworks";SWIFT_OPTIMIZATION_LEVEL = "-Onone";DEBUG_INFORMATION_FORMAT = "dwarf";SWIFT_ACTIVE_COMPILATION_CONDITIONS = "DEBUG";}; name = Debug; };
E532E4CDC1E6865CE523475E = { isa = XCBuildConfiguration; baseConfigurationReference = 8E0205CD89BF271E3726B26F; buildSettings = {PRODUCT_NAME = "RightMouse";PRODUCT_BUNDLE_IDENTIFIER = "cn.rightmouse.RightMouse";INFOPLIST_FILE = "Config/RightMouse-Info.plist";CODE_SIGN_ENTITLEMENTS = "Config/RightMouse.entitlements";GENERATE_INFOPLIST_FILE = "NO";COMBINE_HIDPI_IMAGES = "YES";LD_RUNPATH_SEARCH_PATHS = "$(inherited) @executable_path/../Frameworks";SWIFT_OPTIMIZATION_LEVEL = "-O";DEBUG_INFORMATION_FORMAT = "dwarf-with-dsym";}; name = Release; };
7FA7C6DD60DC323C7F3FA76C = { isa = XCConfigurationList; buildConfigurations = (0D9B6C467828201280D620A8, E532E4CDC1E6865CE523475E,); defaultConfigurationIsVisible = 0; defaultConfigurationName = Release; };
074A85165A7F62B4C52B1785 = { isa = XCBuildConfiguration; baseConfigurationReference = 8E0205CD89BF271E3726B26F; buildSettings = {PRODUCT_NAME = "RightMouseFinder";PRODUCT_BUNDLE_IDENTIFIER = "cn.rightmouse.RightMouse.FinderExtension";INFOPLIST_FILE = "Config/FinderExtension-Info.plist";CODE_SIGN_ENTITLEMENTS = "Config/FinderExtension.entitlements";GENERATE_INFOPLIST_FILE = "NO";APPLICATION_EXTENSION_API_ONLY = "YES";SKIP_INSTALL = "YES";LD_RUNPATH_SEARCH_PATHS = "$(inherited) @executable_path/../Frameworks @executable_path/../../../../Frameworks";SWIFT_OPTIMIZATION_LEVEL = "-Onone";DEBUG_INFORMATION_FORMAT = "dwarf";SWIFT_ACTIVE_COMPILATION_CONDITIONS = "DEBUG";}; name = Debug; };
9C2835E2E47A076E76BBE89C = { isa = XCBuildConfiguration; baseConfigurationReference = 8E0205CD89BF271E3726B26F; buildSettings = {PRODUCT_NAME = "RightMouseFinder";PRODUCT_BUNDLE_IDENTIFIER = "cn.rightmouse.RightMouse.FinderExtension";INFOPLIST_FILE = "Config/FinderExtension-Info.plist";CODE_SIGN_ENTITLEMENTS = "Config/FinderExtension.entitlements";GENERATE_INFOPLIST_FILE = "NO";APPLICATION_EXTENSION_API_ONLY = "YES";SKIP_INSTALL = "YES";LD_RUNPATH_SEARCH_PATHS = "$(inherited) @executable_path/../Frameworks @executable_path/../../../../Frameworks";SWIFT_OPTIMIZATION_LEVEL = "-O";DEBUG_INFORMATION_FORMAT = "dwarf-with-dsym";}; name = Release; };
B0F7F2C54C54E9D2422D30E5 = { isa = XCConfigurationList; buildConfigurations = (074A85165A7F62B4C52B1785, 9C2835E2E47A076E76BBE89C,); defaultConfigurationIsVisible = 0; defaultConfigurationName = Release; };
2D78CCEA355AAA4DECA10BA5 = { isa = XCBuildConfiguration; baseConfigurationReference = 8E0205CD89BF271E3726B26F; buildSettings = {PRODUCT_NAME = "RightMouseCoreTests";PRODUCT_BUNDLE_IDENTIFIER = "cn.rightmouse.RightMouse.CoreTests";GENERATE_INFOPLIST_FILE = "YES";SKIP_INSTALL = "YES";LD_RUNPATH_SEARCH_PATHS = "$(inherited) @loader_path/../Frameworks";SWIFT_OPTIMIZATION_LEVEL = "-Onone";DEBUG_INFORMATION_FORMAT = "dwarf";SWIFT_ACTIVE_COMPILATION_CONDITIONS = "DEBUG";}; name = Debug; };
F1D4FEDE61515AFDB9B202CA = { isa = XCBuildConfiguration; baseConfigurationReference = 8E0205CD89BF271E3726B26F; buildSettings = {PRODUCT_NAME = "RightMouseCoreTests";PRODUCT_BUNDLE_IDENTIFIER = "cn.rightmouse.RightMouse.CoreTests";GENERATE_INFOPLIST_FILE = "YES";SKIP_INSTALL = "YES";LD_RUNPATH_SEARCH_PATHS = "$(inherited) @loader_path/../Frameworks";SWIFT_OPTIMIZATION_LEVEL = "-O";DEBUG_INFORMATION_FORMAT = "dwarf-with-dsym";}; name = Release; };
3AC24B37B5C6634D049790CE = { isa = XCConfigurationList; buildConfigurations = (2D78CCEA355AAA4DECA10BA5, F1D4FEDE61515AFDB9B202CA,); defaultConfigurationIsVisible = 0; defaultConfigurationName = Release; };
3C23123E0D4D441A5447700F = { isa = XCSwiftPackageProductDependency; package = BC4A71180870F7945155FBB0; productName = RightMouseCore; };
6E0C60221F3A3952321BF25C = { isa = PBXBuildFile; productRef = 3C23123E0D4D441A5447700F; };
1B85B821D2F93F337F70D49F = { isa = PBXFrameworksBuildPhase; buildActionMask = 2147483647; files = (6E0C60221F3A3952321BF25C,); runOnlyForDeploymentPostprocessing = 0; };
549840DE3272B24EDB67062C = { isa = XCSwiftPackageProductDependency; package = BC4A71180870F7945155FBB0; productName = RightMouseCore; };
055B0814B272BA17AE3EFBEF = { isa = PBXBuildFile; productRef = 549840DE3272B24EDB67062C; };
A95305F8E654CBE4C26B1AE0 = { isa = PBXFrameworksBuildPhase; buildActionMask = 2147483647; files = (055B0814B272BA17AE3EFBEF,); runOnlyForDeploymentPostprocessing = 0; };
5B0ED873103124545F49F6B7 = { isa = XCSwiftPackageProductDependency; package = BC4A71180870F7945155FBB0; productName = RightMouseCore; };
0960B052B70DA402A1227F55 = { isa = PBXBuildFile; productRef = 5B0ED873103124545F49F6B7; };
EEA7B40FF0F394BC78EAA36E = { isa = PBXFrameworksBuildPhase; buildActionMask = 2147483647; files = (0960B052B70DA402A1227F55,); runOnlyForDeploymentPostprocessing = 0; };
F760A2B049667ADA8FA11DA5 = { isa = PBXBuildFile; fileRef = 28671256B92A4F1D22ACBEEC; };
EE709B9F11D836C6EB287A7F = { isa = PBXBuildFile; fileRef = 6DCAEC8BCBA88E472B1FE49A; };
0D3A0AAB6E273B29CD13773C = { isa = PBXBuildFile; fileRef = 89834E32AB207CB2E362269B; };
62B019A39F777E03BDBEF472 = { isa = PBXBuildFile; fileRef = 4F2F1C5F11B9225CF3E4CFD7; };
EB073B7D7AB964305D6191A8 = { isa = PBXBuildFile; fileRef = FCF6BD6F2181850A4FC93B90; };
D7934D1E5431E43D00EE518B = { isa = PBXSourcesBuildPhase; buildActionMask = 2147483647; files = (F760A2B049667ADA8FA11DA5, EE709B9F11D836C6EB287A7F, 0D3A0AAB6E273B29CD13773C, 62B019A39F777E03BDBEF472, EB073B7D7AB964305D6191A8,); runOnlyForDeploymentPostprocessing = 0; };
2ADDEE89B29C55E11126D89F = { isa = PBXNativeTarget; buildConfigurationList = 3AC24B37B5C6634D049790CE; buildPhases = (D7934D1E5431E43D00EE518B, EEA7B40FF0F394BC78EAA36E,); buildRules = (); dependencies = (); name = RightMouseCoreTests; packageProductDependencies = (5B0ED873103124545F49F6B7,); productName = RightMouseCoreTests; productReference = 70F09BF32F6D77A92FF191B4; productType = "com.apple.product-type.bundle.unit-test"; };
831A56E2F430A3DD7D81435C = { isa = PBXBuildFile; fileRef = 4B8DD63BBE221CFA092295DA; };
9A96732BBE40AFDD234D8706 = { isa = PBXBuildFile; fileRef = 458D309F1E62D5F3D52F35F5; };
4FDF98CF71BE0FD006A7D64C = { isa = PBXBuildFile; fileRef = 793212F9C6FB13AE5E864FA1; };
3068E24B69DB9ED697FD9358 = { isa = PBXBuildFile; fileRef = EADAB0C248FBD68B1547D7F3; };
439F01B478797A2B486015DE = { isa = PBXBuildFile; fileRef = 8F90562B8214D208E05873E1; };
A8205647DDAE84A4A47193D0 = { isa = PBXBuildFile; fileRef = 74A8DB91DA7D1676E7EB81EF; };
EBC5B36E4AF632C5F7B2CBBB = { isa = PBXBuildFile; fileRef = 735B8D436D79E02EC0D0CDD7; };
D67861783F75ECB1DAF718C4 = { isa = PBXBuildFile; fileRef = EF7A0365C1F4043DC5CBB9A1; };
8A0FE0B498E1BEE848D35D0B = { isa = PBXBuildFile; fileRef = C72981695E435A06ABC80344; };
1A4CAD51FAAC8A2620AED49D = { isa = PBXBuildFile; fileRef = 700BD4759FF6FC69253A312C; };
3F8ADF2D29EFC850D9C4132C = { isa = PBXBuildFile; fileRef = ACC44DDD30963DBCCE025EFB; };
E08FFD0646CAD75AA0321B7E = { isa = PBXBuildFile; fileRef = 9716A1C14878CA65447443FE; };
4B6B74C8768B7613754B0ED0 = { isa = PBXBuildFile; fileRef = 5971411A2E76BA53363C8DA1; };
588FA7DA9A0785FE195398FD = { isa = PBXBuildFile; fileRef = 93D6D29AC1A361D853A4D885; };
8018BFE3DD796BD058569E60 = { isa = PBXBuildFile; fileRef = 631AE84056CF9FCB91E114F0; };
B050ACDCA9987FA2D66E8A4C = { isa = PBXBuildFile; fileRef = BFBD7536FF117AC20DCF3AA2; };
17655138DE091C505416ABEA = { isa = PBXSourcesBuildPhase; buildActionMask = 2147483647; files = (831A56E2F430A3DD7D81435C, 9A96732BBE40AFDD234D8706, 4FDF98CF71BE0FD006A7D64C, 3068E24B69DB9ED697FD9358, 439F01B478797A2B486015DE, A8205647DDAE84A4A47193D0, EBC5B36E4AF632C5F7B2CBBB, D67861783F75ECB1DAF718C4, 8A0FE0B498E1BEE848D35D0B, 1A4CAD51FAAC8A2620AED49D, 3F8ADF2D29EFC850D9C4132C, E08FFD0646CAD75AA0321B7E, 4B6B74C8768B7613754B0ED0, 588FA7DA9A0785FE195398FD, 8018BFE3DD796BD058569E60, B050ACDCA9987FA2D66E8A4C,); runOnlyForDeploymentPostprocessing = 0; };
2BC41BC7A689BB7DBF3E9830 = { isa = PBXBuildFile; fileRef = D9D05450972029F16EF8C1F7; };
DE0368F848B99E6FE7C8F723 = { isa = PBXSourcesBuildPhase; buildActionMask = 2147483647; files = (2BC41BC7A689BB7DBF3E9830,); runOnlyForDeploymentPostprocessing = 0; };
7165F8D01BC57513C65655AC = { isa = PBXBuildFile; fileRef = 69DC2EFD233B62AF1DCCB79C; settings = {ATTRIBUTES = (RemoveHeadersOnCopy,);}; };
88A8FBADE0C2EEDC2C61B4FD = { isa = PBXCopyFilesBuildPhase; buildActionMask = 2147483647; dstPath = ""; dstSubfolderSpec = 13; files = (7165F8D01BC57513C65655AC,); name = "Embed App Extensions"; runOnlyForDeploymentPostprocessing = 0; };
C08D743E086FDC2F47462338 = { isa = PBXNativeTarget; buildConfigurationList = B0F7F2C54C54E9D2422D30E5; buildPhases = (DE0368F848B99E6FE7C8F723, A95305F8E654CBE4C26B1AE0,); buildRules = (); dependencies = (); name = RightMouseFinder; packageProductDependencies = (549840DE3272B24EDB67062C,); productName = RightMouseFinder; productReference = 69DC2EFD233B62AF1DCCB79C; productType = "com.apple.product-type.app-extension"; };
1241936D4DD3AAD68FE7BFBD = { isa = PBXContainerItemProxy; containerPortal = 244210E48437B6556980A702; proxyType = 1; remoteGlobalIDString = C08D743E086FDC2F47462338; remoteInfo = RightMouseFinder; };
F26350DAFE3F19AABFD69AC4 = { isa = PBXTargetDependency; target = C08D743E086FDC2F47462338; targetProxy = 1241936D4DD3AAD68FE7BFBD; };
8C1A045E96B998B40533C7FF = { isa = PBXNativeTarget; buildConfigurationList = 7FA7C6DD60DC323C7F3FA76C; buildPhases = (17655138DE091C505416ABEA, 1B85B821D2F93F337F70D49F, 88A8FBADE0C2EEDC2C61B4FD,); buildRules = (); dependencies = (F26350DAFE3F19AABFD69AC4,); name = RightMouse; packageProductDependencies = (3C23123E0D4D441A5447700F,); productName = RightMouse; productReference = 81F31879437340D5CD6ED968; productType = "com.apple.product-type.application"; };
244210E48437B6556980A702 = { isa = PBXProject; attributes = {BuildIndependentTargetsInParallel = YES; LastUpgradeCheck = 1600;}; buildConfigurationList = 1922B098E983995960BE56B0; compatibilityVersion = "Xcode 14.0"; developmentRegion = zh_CN; hasScannedForEncodings = 0; knownRegions = (en, zh_CN, Base); mainGroup = 0D6E4079E36703EBD37C0072; packageReferences = (BC4A71180870F7945155FBB0,); productRefGroup = 0A3E27B8CA818264D75C8D81; projectDirPath = ""; projectRoot = ""; targets = (8C1A045E96B998B40533C7FF, C08D743E086FDC2F47462338, 2ADDEE89B29C55E11126D89F,); };
};
rootObject = 244210E48437B6556980A702;
}
